
Microsoft Visual Studio Solution File, Format Version 11.00
# Visual Studio 2010
Project("{FAE04EC0-301F-11D3-BF4B-00C04F79EFBC}") = "Water Balloon Vive", "Assembly-CSharp.csproj", "{52168653-CC25-09FB-10DB-F62FFAF9328B}"
EndProject
Project("{FAE04EC0-301F-11D3-BF4B-00C04F79EFBC}") = "Water Balloon Vive", "Assembly-CSharp-Editor.csproj", "{ADA0193F-E25D-10B7-4E89-BEF434255D95}"
EndProject
Global
	GlobalSection(SolutionConfigurationPlatforms) = preSolution
		Debug|Any CPU = Debug|Any CPU
		Release|Any CPU = Release|Any CPU
	EndGlobalSection
	GlobalSection(ProjectConfigurationPlatforms) = postSolution
		{52168653-CC25-09FB-10DB-F62FFAF9328B}.Debug|Any CPU.ActiveCfg = Debug|Any CPU
		{52168653-CC25-09FB-10DB-F62FFAF9328B}.Debug|Any CPU.Build.0 = Debug|Any CPU
		{52168653-CC25-09FB-10DB-F62FFAF9328B}.Release|Any CPU.ActiveCfg = Release|Any CPU
		{52168653-CC25-09FB-10DB-F62FFAF9328B}.Release|Any CPU.Build.0 = Release|Any CPU
		{ADA0193F-E25D-10B7-4E89-BEF434255D95}.Debug|Any CPU.ActiveCfg = Debug|Any CPU
		{ADA0193F-E25D-10B7-4E89-BEF434255D95}.Debug|Any CPU.Build.0 = Debug|Any CPU
		{ADA0193F-E25D-10B7-4E89-BEF434255D95}.Release|Any CPU.ActiveCfg = Release|Any CPU
		{ADA0193F-E25D-10B7-4E89-BEF434255D95}.Release|Any CPU.Build.0 = Release|Any CPU
	EndGlobalSection
	GlobalSection(SolutionProperties) = preSolution
		HideSolutionNode = FALSE
	EndGlobalSection
	GlobalSection(MonoDevelopProperties) = preSolution
		StartupItem = Assembly-CSharp.csproj
	EndGlobalSection
EndGlobal
